
Microsoft Visual Studio Solution File, Format Version 12.00
# Visual Studio Version 17
VisualStudioVersion = 17.9.34902.65
MinimumVisualStudioVersion = 10.0.40219.1
Project("{FAE04EC0-301F-11D3-BF4B-00C04F79EFBC}") = "DotNetReact", "DotNetReact.csproj", "{48286A0D-311E-46E8-A6E7-4B41974D8BC7}"
EndProject
Global
	GlobalSection(SolutionConfigurationPlatforms) = preSolution
		Debug|Any CPU = Debug|Any CPU
		Release|Any CPU = Release|Any CPU
	EndGlobalSection
	GlobalSection(ProjectConfigurationPlatforms) = postSolution
		{48286A0D-311E-46E8-A6E7-4B41974D8BC7}.Debug|Any CPU.ActiveCfg = Debug|Any CPU
		{48286A0D-311E-46E8-A6E7-4B41974D8BC7}.Debug|Any CPU.Build.0 = Debug|Any CPU
		{48286A0D-311E-46E8-A6E7-4B41974D8BC7}.Release|Any CPU.ActiveCfg = Release|Any CPU
		{48286A0D-311E-46E8-A6E7-4B41974D8BC7}.Release|Any CPU.Build.0 = Release|Any CPU
	EndGlobalSection
	GlobalSection(SolutionProperties) = preSolution
		HideSolutionNode = FALSE
	EndGlobalSection
	GlobalSection(ExtensibilityGlobals) = postSolution
		SolutionGuid = {06D484A2-FBF4-4845-AF44-F2AC4DF45BBC}
	EndGlobalSection
EndGlobal
